
Microsoft Visual Studio Solution File, Format Version 12.00
# Visual Studio Version 17
VisualStudioVersion = 17.10.34928.147
MinimumVisualStudioVersion = 10.0.40219.1
Project("{2150E333-8FDC-42A3-9474-1A3956D46DE8}") = "Ludu.User", "Ludu.User", "{0BD77F74-837B-472C-9E23-2A83DD652DE1}"
EndProject
Project("{FAE04EC0-301F-11D3-BF4B-00C04F79EFBC}") = "Ludu.User.API", "Ludu.User.API\Ludu.User.API.csproj", "{A90B52C0-F2F2-4D8C-9517-C135D2EA4A9E}"
EndProject
Project("{FAE04EC0-301F-11D3-BF4B-00C04F79EFBC}") = "Ludu.User.Application", "Ludu.User.Application\Ludu.User.Application.csproj", "{67B48C89-0D31-44FB-B78C-3F3F80059E69}"
EndProject
Project("{FAE04EC0-301F-11D3-BF4B-00C04F79EFBC}") = "Ludu.User.Domain", "Ludu.User.Domain\Ludu.User.Domain.csproj", "{CAAE4CFE-4CD1-415B-A93C-D7BBFEE81D9F}"
EndProject
Project("{FAE04EC0-301F-11D3-BF4B-00C04F79EFBC}") = "Ludu.User.Infrastructure", "Ludu.User.Infrastructure\Ludu.User.Infrastructure.csproj", "{A6B04901-3D02-4C39-BBCE-61677CDEDCDF}"
EndProject
Global
	GlobalSection(SolutionConfigurationPlatforms) = preSolution
		Debug|Any CPU = Debug|Any CPU
		Release|Any CPU = Release|Any CPU
	EndGlobalSection
	GlobalSection(ProjectConfigurationPlatforms) = postSolution
		{A90B52C0-F2F2-4D8C-9517-C135D2EA4A9E}.Debug|Any CPU.ActiveCfg = Debug|Any CPU
		{A90B52C0-F2F2-4D8C-9517-C135D2EA4A9E}.Debug|Any CPU.Build.0 = Debug|Any CPU
		{A90B52C0-F2F2-4D8C-9517-C135D2EA4A9E}.Release|Any CPU.ActiveCfg = Release|Any CPU
		{A90B52C0-F2F2-4D8C-9517-C135D2EA4A9E}.Release|Any CPU.Build.0 = Release|Any CPU
		{67B48C89-0D31-44FB-B78C-3F3F80059E69}.Debug|Any CPU.ActiveCfg = Debug|Any CPU
		{67B48C89-0D31-44FB-B78C-3F3F80059E69}.Debug|Any CPU.Build.0 = Debug|Any CPU
		{67B48C89-0D31-44FB-B78C-3F3F80059E69}.Release|Any CPU.ActiveCfg = Release|Any CPU
		{67B48C89-0D31-44FB-B78C-3F3F80059E69}.Release|Any CPU.Build.0 = Release|Any CPU
		{CAAE4CFE-4CD1-415B-A93C-D7BBFEE81D9F}.Debug|Any CPU.ActiveCfg = Debug|Any CPU
		{CAAE4CFE-4CD1-415B-A93C-D7BBFEE81D9F}.Debug|Any CPU.Build.0 = Debug|Any CPU
		{CAAE4CFE-4CD1-415B-A93C-D7BBFEE81D9F}.Release|Any CPU.ActiveCfg = Release|Any CPU
		{CAAE4CFE-4CD1-415B-A93C-D7BBFEE81D9F}.Release|Any CPU.Build.0 = Release|Any CPU
		{A6B04901-3D02-4C39-BBCE-61677CDEDCDF}.Debug|Any CPU.ActiveCfg = Debug|Any CPU
		{A6B04901-3D02-4C39-BBCE-61677CDEDCDF}.Debug|Any CPU.Build.0 = Debug|Any CPU
		{A6B04901-3D02-4C39-BBCE-61677CDEDCDF}.Release|Any CPU.ActiveCfg = Release|Any CPU
		{A6B04901-3D02-4C39-BBCE-61677CDEDCDF}.Release|Any CPU.Build.0 = Release|Any CPU
	EndGlobalSection
	GlobalSection(SolutionProperties) = preSolution
		HideSolutionNode = FALSE
	EndGlobalSection
	GlobalSection(NestedProjects) = preSolution
		{A90B52C0-F2F2-4D8C-9517-C135D2EA4A9E} = {0BD77F74-837B-472C-9E23-2A83DD652DE1}
		{67B48C89-0D31-44FB-B78C-3F3F80059E69} = {0BD77F74-837B-472C-9E23-2A83DD652DE1}
		{CAAE4CFE-4CD1-415B-A93C-D7BBFEE81D9F} = {0BD77F74-837B-472C-9E23-2A83DD652DE1}
		{A6B04901-3D02-4C39-BBCE-61677CDEDCDF} = {0BD77F74-837B-472C-9E23-2A83DD652DE1}
	EndGlobalSection
	GlobalSection(ExtensibilityGlobals) = postSolution
		SolutionGuid = {DE1C743E-D181-44CB-BE95-7EC922E65977}
	EndGlobalSection
EndGlobal
